// !$*UTF8*$!
{
	archiveVersion = 1;
	classes = {
	};
	objectVersion = 50;
	objects = {

/* Begin PBXBuildFile section */
		75E76135246D692800E3EFA5 /* AppDelegate.swift in Sources */ = {isa = PBXBuildFile; fileRef = 75E76134246D692800E3EFA5 /* AppDelegate.swift */; };
		75E76137246D692800E3EFA5 /* SceneDelegate.swift in Sources */ = {isa = PBXBuildFile; fileRef = 75E76136246D692800E3EFA5 /* SceneDelegate.swift */; };
		75E76139246D692800E3EFA5 /* ContentView.swift in Sources */ = {isa = PBXBuildFile; fileRef = 75E76138246D692800E3EFA5 /* ContentView.swift */; };
		75E7613B246D692B00E3EFA5 /* Assets.xcassets in Resources */ = {isa = PBXBuildFile; fileRef = 75E7613A246D692B00E3EFA5 /* Assets.xcassets */; };
		75E7613E246D692B00E3EFA5 /* Preview Assets.xcassets in Resources */ = {isa = PBXBuildFile; fileRef = 75E7613D246D692B00E3EFA5 /* Preview Assets.xcassets */; };
		75E76141246D692B00E3EFA5 /* LaunchScreen.storyboard in Resources */ = {isa = PBXBuildFile; fileRef = 75E7613F246D692B00E3EFA5 /* LaunchScreen.storyboard */; };
/* End PBXBuildFile section */

/* Begin PBXFileReference section */
		75E76131246D692800E3EFA5 /* LogInList-SwiftUI.app */ = {isa = PBXFileReference; explicitFileType = wrapper.application; includeInIndex = 0; path = "LogInList-SwiftUI.app"; sourceTree = BUILT_PRODUCTS_DIR; };
		75E76134246D692800E3EFA5 /* AppDelegate.swift */ = {isa = PBXFileReference; lastKnownFileType = sourcecode.swift; path = AppDelegate.swift; sourceTree = "<group>"; };
		75E76136246D692800E3EFA5 /* SceneDelegate.swift */ = {isa = PBXFileReference; lastKnownFileType = sourcecode.swift; path = SceneDelegate.swift; sourceTree = "<group>"; };
		75E76138246D692800E3EFA5 /* ContentView.swift */ = {isa = PBXFileReference; lastKnownFileType = sourcecode.swift; path = ContentView.swift; sourceTree = "<group>"; };
		75E7613A246D692B00E3EFA5 /* Assets.xcassets */ = {isa = PBXFileReference; lastKnownFileType = folder.assetcatalog; path = Assets.xcassets; sourceTree = "<group>"; };
		75E7613D246D692B00E3EFA5 /* Preview Assets.xcassets */ = {isa = PBXFileReference; lastKnownFileType = folder.assetcatalog; path = "Preview Assets.xcassets"; sourceTree = "<group>"; };
		75E76140246D692B00E3EFA5 /* Base */ = {isa = PBXFileReference; lastKnownFileType = file.storyboard; name = Base; path = Base.lproj/LaunchScreen.storyboard; sourceTree = "<group>"; };
		75E76142246D692B00E3EFA5 /* Info.plist */ = {isa = PBXFileReference; lastKnownFileType = text.plist.xml; path = Info.plist; sourceTree = "<group>"; };
/* End PBXFileReference section */

/* Begin PBXFrameworksBuildPhase section */
		75E7612E246D692800E3EFA5 /* Frameworks */ = {
			isa = PBXFrameworksBuildPhase;
			buildActionMask = 2147483647;
			files = (
			);
			runOnlyForDeploymentPostprocessing = 0;
		};
/* End PBXFrameworksBuildPhase section */

/* Begin PBXGroup section */
		75E76128246D692800E3EFA5 = {
			isa = PBXGroup;
			children = (
				75E76133246D692800E3EFA5 /* LogInList-SwiftUI */,
				75E76132246D692800E3EFA5 /* Products */,
			);
			sourceTree = "<group>";
		};
		75E76132246D692800E3EFA5 /* Products */ = {
			isa = PBXGroup;
			children = (
				75E76131246D692800E3EFA5 /* LogInList-SwiftUI.app */,
			);
			name = Products;
			sourceTree = "<group>";
		};
		75E76133246D692800E3EFA5 /* LogInList-SwiftUI */ = {
			isa = PBXGroup;
			children = (
				75E76134246D692800E3EFA5 /* AppDelegate.swift */,
				75E76136246D692800E3EFA5 /* SceneDelegate.swift */,
				75E76138246D692800E3EFA5 /* ContentView.swift */,
				75E7613A246D692B00E3EFA5 /* Assets.xcassets */,
				75E7613F246D692B00E3EFA5 /* LaunchScreen.storyboard */,
				75E76142246D692B00E3EFA5 /* Info.plist */,
				75E7613C246D692B00E3EFA5 /* Preview Content */,
			);
			path = "LogInList-SwiftUI";
			sourceTree = "<group>";
		};
		75E7613C246D692B00E3EFA5 /* Preview Content */ = {
			isa = PBXGroup;
			children = (
				75E7613D246D692B00E3EFA5 /* Preview Assets.xcassets */,
			);
			path = "Preview Content";
			sourceTree = "<group>";
		};
/* End PBXGroup section */

/* Begin PBXNativeTarget section */
		75E76130246D692800E3EFA5 /* LogInList-SwiftUI */ = {
			isa = PBXNativeTarget;
			buildConfigurationList = 75E76145246D692B00E3EFA5 /* Build configuration list for PBXNativeTarget "LogInList-SwiftUI" */;
			buildPhases = (
				75E7612D246D692800E3EFA5 /* Sources */,
				75E7612E246D692800E3EFA5 /* Frameworks */,
				75E7612F246D692800E3EFA5 /* Resources */,
			);
			buildRules = (
			);
			dependencies = (
			);
			name = "LogInList-SwiftUI";
			productName = "LogInList-SwiftUI";
			productReference = 75E76131246D692800E3EFA5 /* LogInList-SwiftUI.app */;
			productType = "com.apple.product-type.application";
		};
/* End PBXNativeTarget section */

/* Begin PBXProject section */
		75E76129246D692800E3EFA5 /* Project object */ = {
			isa = PBXProject;
			attributes = {
				LastSwiftUpdateCheck = 1140;
				LastUpgradeCheck = 1140;
				ORGANIZATIONNAME = com.sailor;
				TargetAttributes = {
					75E76130246D692800E3EFA5 = {
						CreatedOnToolsVersion = 11.4;
					};
				};
			};
			buildConfigurationList = 75E7612C246D692800E3EFA5 /* Build configuration list for PBXProject "LogInList-SwiftUI" */;
			compatibilityVersion = "Xcode 9.3";
			developmentRegion = en;
			hasScannedForEncodings = 0;
			knownRegions = (
				en,
				Base,
			);
			mainGroup = 75E76128246D692800E3EFA5;
			productRefGroup = 75E76132246D692800E3EFA5 /* Products */;
			projectDirPath = "";
			projectRoot = "";
			targets = (
				75E76130246D692800E3EFA5 /* LogInList-SwiftUI */,
			);
		};
/* End PBXProject section */

/* Begin PBXResourcesBuildPhase section */
		75E7612F246D692800E3EFA5 /* Resources */ = {
			isa = PBXResourcesBuildPhase;
			buildActionMask = 2147483647;
			files = (
				75E76141246D692B00E3EFA5 /* LaunchScreen.storyboard in Resources */,
				75E7613E246D692B00E3EFA5 /* Preview Assets.xcassets in Resources */,
				75E7613B246D692B00E3EFA5 /* Assets.xcassets in Resources */,
			);
			runOnlyForDeploymentPostprocessing = 0;
		};
/* End PBXResourcesBuildPhase section */

/* Begin PBXSourcesBuildPhase section */
		75E7612D246D692800E3EFA5 /* Sources */ = {
			isa = PBXSourcesBuildPhase;
			buildActionMask = 2147483647;
			files = (
				75E76135246D692800E3EFA5 /* AppDelegate.swift in Sources */,
				75E76137246D692800E3EFA5 /* SceneDelegate.swift in Sources */,
				75E76139246D692800E3EFA5 /* ContentView.swift in Sources */,
			);
			runOnlyForDeploymentPostprocessing = 0;
		};
/* End PBXSourcesBuildPhase section */

/* Begin PBXVariantGroup section */
		75E7613F246D692B00E3EFA5 /* LaunchScreen.storyboard */ = {
			isa = PBXVariantGroup;
			children = (
				75E76140246D692B00E3EFA5 /* Base */,
			);
			name = LaunchScreen.storyboard;
			sourceTree = "<group>";
		};
/* End PBXVariantGroup section */

/* Begin XCBuildConfiguration section */
		75E76143246D692B00E3EFA5 /* Debug */ = {
			isa = XCBuildConfiguration;
			buildSettings = {
				ALWAYS_SEARCH_USER_PATHS = NO;
				CLANG_ANALYZER_NONNULL = YES;
				CLANG_ANALYZER_NUMBER_OBJECT_CONVERSION = YES_AGGRESSIVE;
				CLANG_CXX_LANGUAGE_STANDARD = "gnu++14";
				CLANG_CXX_LIBRARY = "libc++";
				CLANG_ENABLE_MODULES = YES;
				CLANG_ENABLE_OBJC_ARC = YES;
				CLANG_ENABLE_OBJC_WEAK = YES;
				CLANG_WARN_BLOCK_CAPTURE_AUTORELEASING = YES;
				CLANG_WARN_BOOL_CONVERSION = YES;
				CLANG_WARN_COMMA = YES;
				CLANG_WARN_CONSTANT_CONVERSION = YES;
				CLANG_WARN_DEPRECATED_OBJC_IMPLEMENTATIONS = YES;
				CLANG_WARN_DIRECT_OBJC_ISA_USAGE = YES_ERROR;
				CLANG_WARN_DOCUMENTATION_COMMENTS = YES;
				CLANG_WARN_EMPTY_BODY = YES;
				CLANG_WARN_ENUM_CONVERSION = YES;
				CLANG_WARN_INFINITE_RECURSION = YES;
				CLANG_WARN_INT_CONVERSION = YES;
				CLANG_WARN_NON_LITERAL_NULL_CONVERSION = YES;
				CLANG_WARN_OBJC_IMPLICIT_RETAIN_SELF = YES;
				CLANG_WARN_OBJC_LITERAL_CONVERSION = YES;
				CLANG_WARN_OBJC_ROOT_CLASS = YES_ERROR;
				CLANG_WARN_RANGE_LOOP_ANALYSIS = YES;
				CLANG_WARN_STRICT_PROTOTYPES = YES;
				CLANG_WARN_SUSPICIOUS_MOVE = YES;
				CLANG_WARN_UNGUARDED_AVAILABILITY = YES_AGGRESSIVE;
				CLANG_WARN_UNREACHABLE_CODE = YES;
				CLANG_WARN__DUPLICATE_METHOD_MATCH = YES;
				COPY_PHASE_STRIP = NO;
				DEBUG_INFORMATION_FORMAT = dwarf;
				ENABLE_STRICT_OBJC_MSGSEND = YES;
				ENABLE_TESTABILITY = YES;
				GCC_C_LANGUAGE_STANDARD = gnu11;
				GCC_DYNAMIC_NO_PIC = NO;
				GCC_NO_COMMON_BLOCKS = YES;
				GCC_OPTIMIZATION_LEVEL = 0;
				GCC_PREPROCESSOR_DEFINITIONS = (
					"DEBUG=1",
					"$(inherited)",
				);
				GCC_WARN_64_TO_32_BIT_CONVERSION = YES;
				GCC_WARN_ABOUT_RETURN_TYPE = YES_ERROR;
				GCC_WARN_UNDECLARED_SELECTOR = YES;
				GCC_WARN_UNINITIALIZED_AUTOS = YES_AGGRESSIVE;
				GCC_WARN_UNUSED_FUNCTION = YES;
				GCC_WARN_UNUSED_VARIABLE = YES;
				IPHONEOS_DEPLOYMENT_TARGET = 13.4;
				MTL_ENABLE_DEBUG_INFO = INCLUDE_SOURCE;
				MTL_FAST_MATH = YES;
				ONLY_ACTIVE_ARCH = YES;
				SDKROOT = iphoneos;
				SWIFT_ACTIVE_COMPILATION_CONDITIONS = DEBUG;
				SWIFT_OPTIMIZATION_LEVEL = "-Onone";
			};
			name = Debug;
		};
		75E76144246D692B00E3EFA5 /* Release */ = {
			isa = XCBuildConfiguration;
			buildSettings = {
				ALWAYS_SEARCH_USER_PATHS = NO;
				CLANG_ANALYZER_NONNULL = YES;
				CLANG_ANALYZER_NUMBER_OBJECT_CONVERSION = YES_AGGRESSIVE;
				CLANG_CXX_LANGUAGE_STANDARD = "gnu++14";
				CLANG_CXX_LIBRARY = "libc++";
				CLANG_ENABLE_MODULES = YES;
				CLANG_ENABLE_OBJC_ARC = YES;
				CLANG_ENABLE_OBJC_WEAK = YES;
				CLANG_WARN_BLOCK_CAPTURE_AUTORELEASING = YES;
				CLANG_WARN_BOOL_CONVERSION = YES;
				CLANG_WARN_COMMA = YES;
				CLANG_WARN_CONSTANT_CONVERSION = YES;
				CLANG_WARN_DEPRECATED_OBJC_IMPLEMENTATIONS = YES;
				CLANG_WARN_DIRECT_OBJC_ISA_USAGE = YES_ERROR;
				CLANG_WARN_DOCUMENTATION_COMMENTS = YES;
				CLANG_WARN_EMPTY_BODY = YES;
				CLANG_WARN_ENUM_CONVERSION = YES;
				CLANG_WARN_INFINITE_RECURSION = YES;
				CLANG_WARN_INT_CONVERSION = YES;
				CLANG_WARN_NON_LITERAL_NULL_CONVERSION = YES;
				CLANG_WARN_OBJC_IMPLICIT_RETAIN_SELF = YES;
				CLANG_WARN_OBJC_LITERAL_CONVERSION = YES;
				CLANG_WARN_OBJC_ROOT_CLASS = YES_ERROR;
				CLANG_WARN_RANGE_LOOP_ANALYSIS = YES;
				CLANG_WARN_STRICT_PROTOTYPES = YES;
				CLANG_WARN_SUSPICIOUS_MOVE = YES;
				CLANG_WARN_UNGUARDED_AVAILABILITY = YES_AGGRESSIVE;
				CLANG_WARN_UNREACHABLE_CODE = YES;
				CLANG_WARN__DUPLICATE_METHOD_MATCH = YES;
				COPY_PHASE_STRIP = NO;
				DEBUG_INFORMATION_FORMAT = "dwarf-with-dsym";
				ENABLE_NS_ASSERTIONS = NO;
				ENABLE_STRICT_OBJC_MSGSEND = YES;
				GCC_C_LANGUAGE_STANDARD = gnu11;
				GCC_NO_COMMON_BLOCKS = YES;
				GCC_WARN_64_TO_32_BIT_CONVERSION = YES;
				GCC_WARN_ABOUT_RETURN_TYPE = YES_ERROR;
				GCC_WARN_UNDECLARED_SELECTOR = YES;
				GCC_WARN_UNINITIALIZED_AUTOS = YES_AGGRESSIVE;
				GCC_WARN_UNUSED_FUNCTION = YES;
				GCC_WARN_UNUSED_VARIABLE = YES;
				IPHONEOS_DEPLOYMENT_TARGET = 13.4;
				MTL_ENABLE_DEBUG_INFO = NO;
				MTL_FAST_MATH = YES;
				SDKROOT = iphoneos;
				SWIFT_COMPILATION_MODE = wholemodule;
				SWIFT_OPTIMIZATION_LEVEL = "-O";
				VALIDATE_PRODUCT = YES;
			};
			name = Release;
		};
		75E76146246D692B00E3EFA5 /* Debug */ = {
			isa = XCBuildConfiguration;
			buildSettings = {
				ASSETCATALOG_COMPILER_APPICON_NAME = AppIcon;
				CODE_SIGN_STYLE = Automatic;
				DEVELOPMENT_ASSET_PATHS = "\"LogInList-SwiftUI/Preview Content\"";
				DEVELOPMENT_TEAM = 45NLTNDHT3;
				ENABLE_PREVIEWS = YES;
				INFOPLIST_FILE = "LogInList-SwiftUI/Info.plist";
				LD_RUNPATH_SEARCH_PATHS = (
					"$(inherited)",
					"@executable_path/Frameworks",
				);
				PRODUCT_BUNDLE_IDENTIFIER = "com.sailor-bcn.LogInList-SwiftUI";
				PRODUCT_NAME = "$(TARGET_NAME)";
				SWIFT_VERSION = 5.0;
				TARGETED_DEVICE_FAMILY = "1,2";
			};
			name = Debug;
		};
		75E76147246D692B00E3EFA5 /* Release */ = {
			isa = XCBuildConfiguration;
			buildSettings = {
				ASSETCATALOG_COMPILER_APPICON_NAME = AppIcon;
				CODE_SIGN_STYLE = Automatic;
				DEVELOPMENT_ASSET_PATHS = "\"LogInList-SwiftUI/Preview Content\"";
				DEVELOPMENT_TEAM = 45NLTNDHT3;
				ENABLE_PREVIEWS = YES;
				INFOPLIST_FILE = "LogInList-SwiftUI/Info.plist";
				LD_RUNPATH_SEARCH_PATHS = (
					"$(inherited)",
					"@executable_path/Frameworks",
				);
				PRODUCT_BUNDLE_IDENTIFIER = "com.sailor-bcn.LogInList-SwiftUI";
				PRODUCT_NAME = "$(TARGET_NAME)";
				SWIFT_VERSION = 5.0;
				TARGETED_DEVICE_FAMILY = "1,2";
			};
			name = Release;
		};
/* End XCBuildConfiguration section */

/* Begin XCConfigurationList section */
		75E7612C246D692800E3EFA5 /* Build configuration list for PBXProject "LogInList-SwiftUI" */ = {
			isa = XCConfigurationList;
			buildConfigurations = (
				75E76143246D692B00E3EFA5 /* Debug */,
				75E76144246D692B00E3EFA5 /* Release */,
			);
			defaultConfigurationIsVisible = 0;
			defaultConfigurationName = Release;
		};
		75E76145246D692B00E3EFA5 /* Build configuration list for PBXNativeTarget "LogInList-SwiftUI" */ = {
			isa = XCConfigurationList;
			buildConfigurations = (
				75E76146246D692B00E3EFA5 /* Debug */,
				75E76147246D692B00E3EFA5 /* Release */,
			);
			defaultConfigurationIsVisible = 0;
			defaultConfigurationName = Release;
		};
/* End XCConfigurationList section */
	};
	rootObject = 75E76129246D692800E3EFA5 /* Project object */;
}
